// !$*UTF8*$!
{
	archiveVersion = 1;
	classes = {
	};
	objectVersion = 48;
	objects = {

/* Begin PBXBuildFile section */
		400D22E620396A7B004C9B12 /* cn.contacts in Resources */ = {isa = PBXBuildFile; fileRef = 400D22E520396A7B004C9B12 /* cn.contacts */; };
		40CF1CC32030204C00FE0CCA /* AppDelegate.swift in Sources */ = {isa = PBXBuildFile; fileRef = 40CF1CC22030204C00FE0CCA /* AppDelegate.swift */; };
		40CF1CC52030204C00FE0CCA /* ViewController.swift in Sources */ = {isa = PBXBuildFile; fileRef = 40CF1CC42030204C00FE0CCA /* ViewController.swift */; };
		40CF1CC82030204C00FE0CCA /* Main.storyboard in Resources */ = {isa = PBXBuildFile; fileRef = 40CF1CC62030204C00FE0CCA /* Main.storyboard */; };
		40CF1CCA2030204C00FE0CCA /* Assets.xcassets in Resources */ = {isa = PBXBuildFile; fileRef = 40CF1CC92030204C00FE0CCA /* Assets.xcassets */; };
		40CF1CCD2030204C00FE0CCA /* LaunchScreen.storyboard in Resources */ = {isa = PBXBuildFile; fileRef = 40CF1CCB2030204C00FE0CCA /* LaunchScreen.storyboard */; };
		40CF1CD6203020AE00FE0CCA /* ContactManager.swift in Sources */ = {isa = PBXBuildFile; fileRef = 40CF1CD5203020AE00FE0CCA /* ContactManager.swift */; };
/* End PBXBuildFile section */

/* Begin PBXFileReference section */
		400D22E520396A7B004C9B12 /* cn.contacts */ = {isa = PBXFileReference; fileEncoding = 4; lastKnownFileType = text; path = cn.contacts; sourceTree = "<group>"; };
		40CF1CBF2030204C00FE0CCA /* ContactManager.app */ = {isa = PBXFileReference; explicitFileType = wrapper.application; includeInIndex = 0; path = ContactManager.app; sourceTree = BUILT_PRODUCTS_DIR; };
		40CF1CC22030204C00FE0CCA /* AppDelegate.swift */ = {isa = PBXFileReference; lastKnownFileType = sourcecode.swift; path = AppDelegate.swift; sourceTree = "<group>"; };
		40CF1CC42030204C00FE0CCA /* ViewController.swift */ = {isa = PBXFileReference; lastKnownFileType = sourcecode.swift; path = ViewController.swift; sourceTree = "<group>"; };
		40CF1CC72030204C00FE0CCA /* Base */ = {isa = PBXFileReference; lastKnownFileType = file.storyboard; name = Base; path = Base.lproj/Main.storyboard; sourceTree = "<group>"; };
		40CF1CC92030204C00FE0CCA /* Assets.xcassets */ = {isa = PBXFileReference; lastKnownFileType = folder.assetcatalog; path = Assets.xcassets; sourceTree = "<group>"; };
		40CF1CCC2030204C00FE0CCA /* Base */ = {isa = PBXFileReference; lastKnownFileType = file.storyboard; name = Base; path = Base.lproj/LaunchScreen.storyboard; sourceTree = "<group>"; };
		40CF1CCE2030204C00FE0CCA /* Info.plist */ = {isa = PBXFileReference; lastKnownFileType = text.plist.xml; path = Info.plist; sourceTree = "<group>"; };
		40CF1CD5203020AE00FE0CCA /* ContactManager.swift */ = {isa = PBXFileReference; lastKnownFileType = sourcecode.swift; path = ContactManager.swift; sourceTree = "<group>"; };
/* End PBXFileReference section */

/* Begin PBXFrameworksBuildPhase section */
		40CF1CBC2030204C00FE0CCA /* Frameworks */ = {
			isa = PBXFrameworksBuildPhase;
			buildActionMask = 2147483647;
			files = (
			);
			runOnlyForDeploymentPostprocessing = 0;
		};
/* End PBXFrameworksBuildPhase section */

/* Begin PBXGroup section */
		40CF1CB62030204C00FE0CCA = {
			isa = PBXGroup;
			children = (
				40CF1CC12030204C00FE0CCA /* Contact */,
				40CF1CC02030204C00FE0CCA /* Products */,
			);
			sourceTree = "<group>";
		};
		40CF1CC02030204C00FE0CCA /* Products */ = {
			isa = PBXGroup;
			children = (
				40CF1CBF2030204C00FE0CCA /* ContactManager.app */,
			);
			name = Products;
			sourceTree = "<group>";
		};
		40CF1CC12030204C00FE0CCA /* Contact */ = {
			isa = PBXGroup;
			children = (
				40CF1CD42030208200FE0CCA /* ContactManager */,
				40CF1CC22030204C00FE0CCA /* AppDelegate.swift */,
				40CF1CC42030204C00FE0CCA /* ViewController.swift */,
				40CF1CC62030204C00FE0CCA /* Main.storyboard */,
				40CF1CC92030204C00FE0CCA /* Assets.xcassets */,
				40CF1CCB2030204C00FE0CCA /* LaunchScreen.storyboard */,
				40CF1CCE2030204C00FE0CCA /* Info.plist */,
			);
			path = Contact;
			sourceTree = "<group>";
		};
		40CF1CD42030208200FE0CCA /* ContactManager */ = {
			isa = PBXGroup;
			children = (
				400D22E520396A7B004C9B12 /* cn.contacts */,
				40CF1CD5203020AE00FE0CCA /* ContactManager.swift */,
			);
			path = ContactManager;
			sourceTree = "<group>";
		};
/* End PBXGroup section */

/* Begin PBXNativeTarget section */
		40CF1CBE2030204C00FE0CCA /* ContactManager */ = {
			isa = PBXNativeTarget;
			buildConfigurationList = 40CF1CD12030204C00FE0CCA /* Build configuration list for PBXNativeTarget "ContactManager" */;
			buildPhases = (
				40CF1CBB2030204C00FE0CCA /* Sources */,
				40CF1CBC2030204C00FE0CCA /* Frameworks */,
				40CF1CBD2030204C00FE0CCA /* Resources */,
			);
			buildRules = (
			);
			dependencies = (
			);
			name = ContactManager;
			productName = ContactManager;
			productReference = 40CF1CBF2030204C00FE0CCA /* ContactManager.app */;
			productType = "com.apple.product-type.application";
		};
/* End PBXNativeTarget section */

/* Begin PBXProject section */
		40CF1CB72030204C00FE0CCA /* Project object */ = {
			isa = PBXProject;
			attributes = {
				LastSwiftUpdateCheck = 0920;
				LastUpgradeCheck = 0920;
				ORGANIZATIONNAME = "Ahmad Almasri";
				TargetAttributes = {
					40CF1CBE2030204C00FE0CCA = {
						CreatedOnToolsVersion = 9.2;
						ProvisioningStyle = Automatic;
					};
				};
			};
			buildConfigurationList = 40CF1CBA2030204C00FE0CCA /* Build configuration list for PBXProject "ContactManager" */;
			compatibilityVersion = "Xcode 8.0";
			developmentRegion = en;
			hasScannedForEncodings = 0;
			knownRegions = (
				en,
				Base,
			);
			mainGroup = 40CF1CB62030204C00FE0CCA;
			productRefGroup = 40CF1CC02030204C00FE0CCA /* Products */;
			projectDirPath = "";
			projectRoot = "";
			targets = (
				40CF1CBE2030204C00FE0CCA /* ContactManager */,
			);
		};
/* End PBXProject section */

/* Begin PBXResourcesBuildPhase section */
		40CF1CBD2030204C00FE0CCA /* Resources */ = {
			isa = PBXResourcesBuildPhase;
			buildActionMask = 2147483647;
			files = (
				40CF1CCD2030204C00FE0CCA /* LaunchScreen.storyboard in Resources */,
				400D22E620396A7B004C9B12 /* cn.contacts in Resources */,
				40CF1CCA2030204C00FE0CCA /* Assets.xcassets in Resources */,
				40CF1CC82030204C00FE0CCA /* Main.storyboard in Resources */,
			);
			runOnlyForDeploymentPostprocessing = 0;
		};
/* End PBXResourcesBuildPhase section */

/* Begin PBXSourcesBuildPhase section */
		40CF1CBB2030204C00FE0CCA /* Sources */ = {
			isa = PBXSourcesBuildPhase;
			buildActionMask = 2147483647;
			files = (
				40CF1CC52030204C00FE0CCA /* ViewController.swift in Sources */,
				40CF1CD6203020AE00FE0CCA /* ContactManager.swift in Sources */,
				40CF1CC32030204C00FE0CCA /* AppDelegate.swift in Sources */,
			);
			runOnlyForDeploymentPostprocessing = 0;
		};
/* End PBXSourcesBuildPhase section */

/* Begin PBXVariantGroup section */
		40CF1CC62030204C00FE0CCA /* Main.storyboard */ = {
			isa = PBXVariantGroup;
			children = (
				40CF1CC72030204C00FE0CCA /* Base */,
			);
			name = Main.storyboard;
			sourceTree = "<group>";
		};
		40CF1CCB2030204C00FE0CCA /* LaunchScreen.storyboard */ = {
			isa = PBXVariantGroup;
			children = (
				40CF1CCC2030204C00FE0CCA /* Base */,
			);
			name = LaunchScreen.storyboard;
			sourceTree = "<group>";
		};
/* End PBXVariantGroup section */

/* Begin XCBuildConfiguration section */
		40CF1CCF2030204C00FE0CCA /* Debug */ = {
			isa = XCBuildConfiguration;
			buildSettings = {
				ALWAYS_SEARCH_USER_PATHS = NO;
				CLANG_ANALYZER_NONNULL = YES;
				CLANG_ANALYZER_NUMBER_OBJECT_CONVERSION = YES_AGGRESSIVE;
				CLANG_CXX_LANGUAGE_STANDARD = "gnu++14";
				CLANG_CXX_LIBRARY = "libc++";
				CLANG_ENABLE_MODULES = YES;
				CLANG_ENABLE_OBJC_ARC = YES;
				CLANG_WARN_BLOCK_CAPTURE_AUTORELEASING = YES;
				CLANG_WARN_BOOL_CONVERSION = YES;
				CLANG_WARN_COMMA = YES;
				CLANG_WARN_CONSTANT_CONVERSION = YES;
				CLANG_WARN_DIRECT_OBJC_ISA_USAGE = YES_ERROR;
				CLANG_WARN_DOCUMENTATION_COMMENTS = YES;
				CLANG_WARN_EMPTY_BODY = YES;
				CLANG_WARN_ENUM_CONVERSION = YES;
				CLANG_WARN_INFINITE_RECURSION = YES;
				CLANG_WARN_INT_CONVERSION = YES;
				CLANG_WARN_NON_LITERAL_NULL_CONVERSION = YES;
				CLANG_WARN_OBJC_LITERAL_CONVERSION = YES;
				CLANG_WARN_OBJC_ROOT_CLASS = YES_ERROR;
				CLANG_WARN_RANGE_LOOP_ANALYSIS = YES;
				CLANG_WARN_STRICT_PROTOTYPES = YES;
				CLANG_WARN_SUSPICIOUS_MOVE = YES;
				CLANG_WARN_UNGUARDED_AVAILABILITY = YES_AGGRESSIVE;
				CLANG_WARN_UNREACHABLE_CODE = YES;
				CLANG_WARN__DUPLICATE_METHOD_MATCH = YES;
				CODE_SIGN_IDENTITY = "iPhone Developer";
				COPY_PHASE_STRIP = NO;
				DEBUG_INFORMATION_FORMAT = dwarf;
				ENABLE_STRICT_OBJC_MSGSEND = YES;
				ENABLE_TESTABILITY = YES;
				GCC_C_LANGUAGE_STANDARD = gnu11;
				GCC_DYNAMIC_NO_PIC = NO;
				GCC_NO_COMMON_BLOCKS = YES;
				GCC_OPTIMIZATION_LEVEL = 0;
				GCC_PREPROCESSOR_DEFINITIONS = (
					"DEBUG=1",
					"$(inherited)",
				);
				GCC_WARN_64_TO_32_BIT_CONVERSION = YES;
				GCC_WARN_ABOUT_RETURN_TYPE = YES_ERROR;
				GCC_WARN_UNDECLARED_SELECTOR = YES;
				GCC_WARN_UNINITIALIZED_AUTOS = YES_AGGRESSIVE;
				GCC_WARN_UNUSED_FUNCTION = YES;
				GCC_WARN_UNUSED_VARIABLE = YES;
				IPHONEOS_DEPLOYMENT_TARGET = 11.2;
				MTL_ENABLE_DEBUG_INFO = YES;
				ONLY_ACTIVE_ARCH = YES;
				SDKROOT = iphoneos;
				SWIFT_ACTIVE_COMPILATION_CONDITIONS = DEBUG;
				SWIFT_OPTIMIZATION_LEVEL = "-Onone";
			};
			name = Debug;
		};
		40CF1CD02030204C00FE0CCA /* Release */ = {
			isa = XCBuildConfiguration;
			buildSettings = {
				ALWAYS_SEARCH_USER_PATHS = NO;
				CLANG_ANALYZER_NONNULL = YES;
				CLANG_ANALYZER_NUMBER_OBJECT_CONVERSION = YES_AGGRESSIVE;
				CLANG_CXX_LANGUAGE_STANDARD = "gnu++14";
				CLANG_CXX_LIBRARY = "libc++";
				CLANG_ENABLE_MODULES = YES;
				CLANG_ENABLE_OBJC_ARC = YES;
				CLANG_WARN_BLOCK_CAPTURE_AUTORELEASING = YES;
				CLANG_WARN_BOOL_CONVERSION = YES;
				CLANG_WARN_COMMA = YES;
				CLANG_WARN_CONSTANT_CONVERSION = YES;
				CLANG_WARN_DIRECT_OBJC_ISA_USAGE = YES_ERROR;
				CLANG_WARN_DOCUMENTATION_COMMENTS = YES;
				CLANG_WARN_EMPTY_BODY = YES;
				CLANG_WARN_ENUM_CONVERSION = YES;
				CLANG_WARN_INFINITE_RECURSION = YES;
				CLANG_WARN_INT_CONVERSION = YES;
				CLANG_WARN_NON_LITERAL_NULL_CONVERSION = YES;
				CLANG_WARN_OBJC_LITERAL_CONVERSION = YES;
				CLANG_WARN_OBJC_ROOT_CLASS = YES_ERROR;
				CLANG_WARN_RANGE_LOOP_ANALYSIS = YES;
				CLANG_WARN_STRICT_PROTOTYPES = YES;
				CLANG_WARN_SUSPICIOUS_MOVE = YES;
				CLANG_WARN_UNGUARDED_AVAILABILITY = YES_AGGRESSIVE;
				CLANG_WARN_UNREACHABLE_CODE = YES;
				CLANG_WARN__DUPLICATE_METHOD_MATCH = YES;
				CODE_SIGN_IDENTITY = "iPhone Developer";
				COPY_PHASE_STRIP = NO;
				DEBUG_INFORMATION_FORMAT = "dwarf-with-dsym";
				ENABLE_NS_ASSERTIONS = NO;
				ENABLE_STRICT_OBJC_MSGSEND = YES;
				GCC_C_LANGUAGE_STANDARD = gnu11;
				GCC_NO_COMMON_BLOCKS = YES;
				GCC_WARN_64_TO_32_BIT_CONVERSION = YES;
				GCC_WARN_ABOUT_RETURN_TYPE = YES_ERROR;
				GCC_WARN_UNDECLARED_SELECTOR = YES;
				GCC_WARN_UNINITIALIZED_AUTOS = YES_AGGRESSIVE;
				GCC_WARN_UNUSED_FUNCTION = YES;
				GCC_WARN_UNUSED_VARIABLE = YES;
				IPHONEOS_DEPLOYMENT_TARGET = 11.2;
				MTL_ENABLE_DEBUG_INFO = NO;
				SDKROOT = iphoneos;
				SWIFT_OPTIMIZATION_LEVEL = "-Owholemodule";
				VALIDATE_PRODUCT = YES;
			};
			name = Release;
		};
		40CF1CD22030204C00FE0CCA /* Debug */ = {
			isa = XCBuildConfiguration;
			buildSettings = {
				ASSETCATALOG_COMPILER_APPICON_NAME = AppIcon;
				CODE_SIGN_STYLE = Automatic;
				DEVELOPMENT_TEAM = JLTTFTEZ6T;
				INFOPLIST_FILE = Contact/Info.plist;
				IPHONEOS_DEPLOYMENT_TARGET = 10.1;
				LD_RUNPATH_SEARCH_PATHS = "$(inherited) @executable_path/Frameworks";
				PRODUCT_BUNDLE_IDENTIFIER = Zoolz.ContactManager;
				PRODUCT_NAME = "$(TARGET_NAME)";
				SWIFT_VERSION = 4.0;
				TARGETED_DEVICE_FAMILY = "1,2";
			};
			name = Debug;
		};
		40CF1CD32030204C00FE0CCA /* Release */ = {
			isa = XCBuildConfiguration;
			buildSettings = {
				ASSETCATALOG_COMPILER_APPICON_NAME = AppIcon;
				CODE_SIGN_STYLE = Automatic;
				DEVELOPMENT_TEAM = JLTTFTEZ6T;
				INFOPLIST_FILE = Contact/Info.plist;
				IPHONEOS_DEPLOYMENT_TARGET = 10.1;
				LD_RUNPATH_SEARCH_PATHS = "$(inherited) @executable_path/Frameworks";
				PRODUCT_BUNDLE_IDENTIFIER = Zoolz.ContactManager;
				PRODUCT_NAME = "$(TARGET_NAME)";
				SWIFT_VERSION = 4.0;
				TARGETED_DEVICE_FAMILY = "1,2";
			};
			name = Release;
		};
/* End XCBuildConfiguration section */

/* Begin XCConfigurationList section */
		40CF1CBA2030204C00FE0CCA /* Build configuration list for PBXProject "ContactManager" */ = {
			isa = XCConfigurationList;
			buildConfigurations = (
				40CF1CCF2030204C00FE0CCA /* Debug */,
				40CF1CD02030204C00FE0CCA /* Release */,
			);
			defaultConfigurationIsVisible = 0;
			defaultConfigurationName = Release;
		};
		40CF1CD12030204C00FE0CCA /* Build configuration list for PBXNativeTarget "ContactManager" */ = {
			isa = XCConfigurationList;
			buildConfigurations = (
				40CF1CD22030204C00FE0CCA /* Debug */,
				40CF1CD32030204C00FE0CCA /* Release */,
			);
			defaultConfigurationIsVisible = 0;
			defaultConfigurationName = Release;
		};
/* End XCConfigurationList section */
	};
	rootObject = 40CF1CB72030204C00FE0CCA /* Project object */;
}
